
Microsoft Visual Studio Solution File, Format Version 12.00
# Visual Studio 15
VisualStudioVersion = 15.0.28307.852
MinimumVisualStudioVersion = 10.0.40219.1
Project("{FAE04EC0-301F-11D3-BF4B-00C04F79EFBC}") = "API_VoorbereidendProject_Angular", "API_VoorbereidendProject_Angular\API_VoorbereidendProject_Angular.csproj", "{F3CE1D17-7BC1-4AFB-A5C9-2451C3B96E4F}"
EndProject
Global
	GlobalSection(SolutionConfigurationPlatforms) = preSolution
		Debug|Any CPU = Debug|Any CPU
		Release|Any CPU = Release|Any CPU
	EndGlobalSection
	GlobalSection(ProjectConfigurationPlatforms) = postSolution
		{F3CE1D17-7BC1-4AFB-A5C9-2451C3B96E4F}.Debug|Any CPU.ActiveCfg = Debug|Any CPU
		{F3CE1D17-7BC1-4AFB-A5C9-2451C3B96E4F}.Debug|Any CPU.Build.0 = Debug|Any CPU
		{F3CE1D17-7BC1-4AFB-A5C9-2451C3B96E4F}.Release|Any CPU.ActiveCfg = Release|Any CPU
		{F3CE1D17-7BC1-4AFB-A5C9-2451C3B96E4F}.Release|Any CPU.Build.0 = Release|Any CPU
	EndGlobalSection
	GlobalSection(SolutionProperties) = preSolution
		HideSolutionNode = FALSE
	EndGlobalSection
	GlobalSection(ExtensibilityGlobals) = postSolution
		SolutionGuid = {26530B0B-A0D3-444D-9C9C-A23BD9558DC6}
	EndGlobalSection
EndGlobal
